
Microsoft Visual Studio Solution File, Format Version 12.00
# Visual Studio Version 17
VisualStudioVersion = 17.13.35931.197 d17.13
MinimumVisualStudioVersion = 10.0.40219.1
Project("{FAE04EC0-301F-11D3-BF4B-00C04F79EFBC}") = "LabApp", "LabApp\LabApp.csproj", "{270C7E74-FC4B-4FB2-B46A-997CCB6BF3C0}"
EndProject
Global
	GlobalSection(SolutionConfigurationPlatforms) = preSolution
		Debug|Any CPU = Debug|Any CPU
		Release|Any CPU = Release|Any CPU
	EndGlobalSection
	GlobalSection(ProjectConfigurationPlatforms) = postSolution
		{270C7E74-FC4B-4FB2-B46A-997CCB6BF3C0}.Debug|Any CPU.ActiveCfg = Debug|Any CPU
		{270C7E74-FC4B-4FB2-B46A-997CCB6BF3C0}.Debug|Any CPU.Build.0 = Debug|Any CPU
		{270C7E74-FC4B-4FB2-B46A-997CCB6BF3C0}.Release|Any CPU.ActiveCfg = Release|Any CPU
		{270C7E74-FC4B-4FB2-B46A-997CCB6BF3C0}.Release|Any CPU.Build.0 = Release|Any CPU
	EndGlobalSection
	GlobalSection(SolutionProperties) = preSolution
		HideSolutionNode = FALSE
	EndGlobalSection
	GlobalSection(ExtensibilityGlobals) = postSolution
		SolutionGuid = {24171F5C-8B0B-49FF-8E83-34BEEFDFB7EC}
	EndGlobalSection
EndGlobal
